
Microsoft Visual Studio Solution File, Format Version 12.00
# Visual Studio Version 17
VisualStudioVersion = 17.1.32210.238
MinimumVisualStudioVersion = 10.0.40219.1
Project("{FAE04EC0-301F-11D3-BF4B-00C04F79EFBC}") = "Calculator(BMI)", "Calculator(BMI)\Calculator(BMI).csproj", "{954413B6-61D8-4A13-99CF-F7667D1F06FB}"
EndProject
Global
	GlobalSection(SolutionConfigurationPlatforms) = preSolution
		Debug|Any CPU = Debug|Any CPU
		Release|Any CPU = Release|Any CPU
	EndGlobalSection
	GlobalSection(ProjectConfigurationPlatforms) = postSolution
		{954413B6-61D8-4A13-99CF-F7667D1F06FB}.Debug|Any CPU.ActiveCfg = Debug|Any CPU
		{954413B6-61D8-4A13-99CF-F7667D1F06FB}.Debug|Any CPU.Build.0 = Debug|Any CPU
		{954413B6-61D8-4A13-99CF-F7667D1F06FB}.Release|Any CPU.ActiveCfg = Release|Any CPU
		{954413B6-61D8-4A13-99CF-F7667D1F06FB}.Release|Any CPU.Build.0 = Release|Any CPU
	EndGlobalSection
	GlobalSection(SolutionProperties) = preSolution
		HideSolutionNode = FALSE
	EndGlobalSection
	GlobalSection(ExtensibilityGlobals) = postSolution
		SolutionGuid = {56740C3A-00FF-4D95-BE1C-2F1F93943025}
	EndGlobalSection
EndGlobal
